
Microsoft Visual Studio Solution File, Format Version 12.00
# Visual Studio Version 17
VisualStudioVersion = 17.13.35818.85 d17.13
MinimumVisualStudioVersion = 10.0.40219.1
Project("{FAE04EC0-301F-11D3-BF4B-00C04F79EFBC}") = "tpmod03_103022300058", "tpmod03_103022300058\tpmod03_103022300058.csproj", "{712ECAB7-C403-4591-978C-52A5DD2AE89D}"
EndProject
Global
	GlobalSection(SolutionConfigurationPlatforms) = preSolution
		Debug|Any CPU = Debug|Any CPU
		Release|Any CPU = Release|Any CPU
	EndGlobalSection
	GlobalSection(ProjectConfigurationPlatforms) = postSolution
		{712ECAB7-C403-4591-978C-52A5DD2AE89D}.Debug|Any CPU.ActiveCfg = Debug|Any CPU
		{712ECAB7-C403-4591-978C-52A5DD2AE89D}.Debug|Any CPU.Build.0 = Debug|Any CPU
		{712ECAB7-C403-4591-978C-52A5DD2AE89D}.Release|Any CPU.ActiveCfg = Release|Any CPU
		{712ECAB7-C403-4591-978C-52A5DD2AE89D}.Release|Any CPU.Build.0 = Release|Any CPU
	EndGlobalSection
	GlobalSection(SolutionProperties) = preSolution
		HideSolutionNode = FALSE
	EndGlobalSection
	GlobalSection(ExtensibilityGlobals) = postSolution
		SolutionGuid = {44DDAA3D-07C7-459D-BDB2-36FB94A8FE5C}
	EndGlobalSection
EndGlobal
